
Microsoft Visual Studio Solution File, Format Version 12.00
# Visual Studio Version 16
VisualStudioVersion = 16.0.31205.134
MinimumVisualStudioVersion = 10.0.40219.1
Project("{9A19103F-16F7-4668-BE54-9A1E7A4F7556}") = "CSharpZxScript", "CSharpZxScript\CSharpZxScript.csproj", "{E6C750A7-C1CE-44D7-9F65-E834AED20F16}"
EndProject
Project("{9A19103F-16F7-4668-BE54-9A1E7A4F7556}") = "CSharpZxScript.Tests", "CSharpZxScript.Tests\CSharpZxScript.Tests.csproj", "{1A324B89-2F26-4D47-99D0-A8331FC1F1AC}"
EndProject
Global
	GlobalSection(SolutionConfigurationPlatforms) = preSolution
		Debug|Any CPU = Debug|Any CPU
		Release|Any CPU = Release|Any CPU
	EndGlobalSection
	GlobalSection(ProjectConfigurationPlatforms) = postSolution
		{E6C750A7-C1CE-44D7-9F65-E834AED20F16}.Debug|Any CPU.ActiveCfg = Debug|Any CPU
		{E6C750A7-C1CE-44D7-9F65-E834AED20F16}.Debug|Any CPU.Build.0 = Debug|Any CPU
		{E6C750A7-C1CE-44D7-9F65-E834AED20F16}.Release|Any CPU.ActiveCfg = Release|Any CPU
		{E6C750A7-C1CE-44D7-9F65-E834AED20F16}.Release|Any CPU.Build.0 = Release|Any CPU
		{1A324B89-2F26-4D47-99D0-A8331FC1F1AC}.Debug|Any CPU.ActiveCfg = Debug|Any CPU
		{1A324B89-2F26-4D47-99D0-A8331FC1F1AC}.Debug|Any CPU.Build.0 = Debug|Any CPU
		{1A324B89-2F26-4D47-99D0-A8331FC1F1AC}.Release|Any CPU.ActiveCfg = Release|Any CPU
		{1A324B89-2F26-4D47-99D0-A8331FC1F1AC}.Release|Any CPU.Build.0 = Release|Any CPU
	EndGlobalSection
	GlobalSection(SolutionProperties) = preSolution
		HideSolutionNode = FALSE
	EndGlobalSection
	GlobalSection(ExtensibilityGlobals) = postSolution
		SolutionGuid = {F631D1CC-C021-4EE6-8666-FCE1669AF620}
	EndGlobalSection
EndGlobal
